{
    "name": "1post",
    "version": "1.4.4",
    "lockfileVersion": 2,
    "requires": true,
    "packages": {
        "": {
            "name": "1post",
            "version": "1.4.4",
            "license": "MIT",
            "bin": {
                "1post": "index.js"
            },
            "devDependencies": {
                "1post": "^1.4.9"
            }
        },
        "node_modules/1post": {
            "version": "1.4.9",
            "resolved": "https://registry.npmjs.org/1post/-/1post-1.4.9.tgz",
            "integrity": "sha512-PIEEFnwdaki0nSNHIqOfi8mYQejTnDuVBC5TCaLizWBaalxQ+lEqth7Wb+67Dl3FCAd3u2iPD+v61gLsS6MyXA==",
            "dev": true,
            "bin": {
                "1post": "index.js"
            }
        }
    },
    "dependencies": {
        "1post": {
            "version": "1.4.9",
            "resolved": "https://registry.npmjs.org/1post/-/1post-1.4.9.tgz",
            "integrity": "sha512-PIEEFnwdaki0nSNHIqOfi8mYQejTnDuVBC5TCaLizWBaalxQ+lEqth7Wb+67Dl3FCAd3u2iPD+v61gLsS6MyXA==",
            "dev": true
        }
    }
}
