{
    "name": "1post",
    "version": "1.4.9",
    "lockfileVersion": 2,
    "requires": true,
    "packages": {
        "": {
            "name": "1post",
            "version": "1.4.9",
            "license": "MIT",
            "bin": {
                "1post": "index.js"
            },
            "devDependencies": {
                "1post": "^1.4.9"
            }
        },
        "node_modules/1post": {
            "version": "1.4.10",
            "resolved": "https://registry.npmjs.org/1post/-/1post-1.4.10.tgz",
            "integrity": "sha512-A1J8Ya8z1IlUhNjj28MoymnUmL9BiMwa91EGIguLVneRE/LUXlTgrkQwgPOJGWThacoLZMjN0EGkluMQfIG7GQ==",
            "dev": true,
            "bin": {
                "1post": "index.js"
            }
        }
    },
    "dependencies": {
        "1post": {
            "version": "1.4.10",
            "resolved": "https://registry.npmjs.org/1post/-/1post-1.4.10.tgz",
            "integrity": "sha512-A1J8Ya8z1IlUhNjj28MoymnUmL9BiMwa91EGIguLVneRE/LUXlTgrkQwgPOJGWThacoLZMjN0EGkluMQfIG7GQ==",
            "dev": true
        }
    }
}
