{
    "name": "1post",
    "version": "1.5.0",
    "lockfileVersion": 2,
    "requires": true,
    "packages": {
        "": {
            "name": "1post",
            "version": "1.5.0",
            "license": "MIT",
            "bin": {
                "1post": "index.js"
            },
            "devDependencies": {
                "1post": "^1.5.0"
            }
        },
        "node_modules/1post": {
            "version": "1.5.0",
            "resolved": "https://registry.npmjs.org/1post/-/1post-1.5.0.tgz",
            "integrity": "sha512-kj3hTkxdLCy1bYlh3ySpJf5bBUNR1uwPxEdvcQeCUEykZ/uKFLCmA9EvmaepL6k+3vTUwE69NLrW9M53WaWdoA==",
            "dev": true,
            "dependencies": {
                "marked": "^4.1.1"
            },
            "bin": {
                "1post": "index.js"
            }
        },
        "node_modules/marked": {
            "version": "4.2.5",
            "resolved": "https://registry.npmjs.org/marked/-/marked-4.2.5.tgz",
            "integrity": "sha512-jPueVhumq7idETHkb203WDD4fMA3yV9emQ5vLwop58lu8bTclMghBWcYAavlDqIEMaisADinV1TooIFCfqOsYQ==",
            "dev": true,
            "bin": {
                "marked": "bin/marked.js"
            },
            "engines": {
                "node": ">= 12"
            }
        }
    },
    "dependencies": {
        "1post": {
            "version": "1.5.0",
            "resolved": "https://registry.npmjs.org/1post/-/1post-1.5.0.tgz",
            "integrity": "sha512-kj3hTkxdLCy1bYlh3ySpJf5bBUNR1uwPxEdvcQeCUEykZ/uKFLCmA9EvmaepL6k+3vTUwE69NLrW9M53WaWdoA==",
            "dev": true,
            "requires": {
                "marked": "^4.1.1"
            }
        },
        "marked": {
            "version": "4.2.5",
            "resolved": "https://registry.npmjs.org/marked/-/marked-4.2.5.tgz",
            "integrity": "sha512-jPueVhumq7idETHkb203WDD4fMA3yV9emQ5vLwop58lu8bTclMghBWcYAavlDqIEMaisADinV1TooIFCfqOsYQ==",
            "dev": true
        }
    }
}
